
Microsoft Visual Studio Solution File, Format Version 12.00
# Visual Studio Version 17
VisualStudioVersion = 17.3.32929.385
MinimumVisualStudioVersion = 10.0.40219.1
Project("{FAE04EC0-301F-11D3-BF4B-00C04F79EFBC}") = "Scent.CO", "Scent.CO\Scent.CO.csproj", "{B519328A-BC04-4C0D-A47E-50FC9B0A18A8}"
EndProject
Global
	GlobalSection(SolutionConfigurationPlatforms) = preSolution
		Debug|Any CPU = Debug|Any CPU
		Release|Any CPU = Release|Any CPU
	EndGlobalSection
	GlobalSection(ProjectConfigurationPlatforms) = postSolution
		{B519328A-BC04-4C0D-A47E-50FC9B0A18A8}.Debug|Any CPU.ActiveCfg = Debug|Any CPU
		{B519328A-BC04-4C0D-A47E-50FC9B0A18A8}.Debug|Any CPU.Build.0 = Debug|Any CPU
		{B519328A-BC04-4C0D-A47E-50FC9B0A18A8}.Release|Any CPU.ActiveCfg = Release|Any CPU
		{B519328A-BC04-4C0D-A47E-50FC9B0A18A8}.Release|Any CPU.Build.0 = Release|Any CPU
	EndGlobalSection
	GlobalSection(SolutionProperties) = preSolution
		HideSolutionNode = FALSE
	EndGlobalSection
	GlobalSection(ExtensibilityGlobals) = postSolution
		SolutionGuid = {0CB503F3-20C4-454D-AB75-EC30F94E16E5}
	EndGlobalSection
EndGlobal
